
Microsoft Visual Studio Solution File, Format Version 12.00
# Visual Studio 15
VisualStudioVersion = 15.0.28307.489
MinimumVisualStudioVersion = 10.0.40219.1
Project("{FAE04EC0-301F-11D3-BF4B-00C04F79EFBC}") = "LinkedListApp", "LinkedListApp\LinkedListApp.csproj", "{5A6127FF-C3E7-479A-B08D-8BC654D69370}"
EndProject
Project("{FAE04EC0-301F-11D3-BF4B-00C04F79EFBC}") = "LinkedListTest", "LinkedListTest\LinkedListTest.csproj", "{48571278-6035-4837-946E-8E6EB4B6270A}"
EndProject
Global
	GlobalSection(SolutionConfigurationPlatforms) = preSolution
		Debug|Any CPU = Debug|Any CPU
		Release|Any CPU = Release|Any CPU
	EndGlobalSection
	GlobalSection(ProjectConfigurationPlatforms) = postSolution
		{5A6127FF-C3E7-479A-B08D-8BC654D69370}.Debug|Any CPU.ActiveCfg = Debug|Any CPU
		{5A6127FF-C3E7-479A-B08D-8BC654D69370}.Debug|Any CPU.Build.0 = Debug|Any CPU
		{5A6127FF-C3E7-479A-B08D-8BC654D69370}.Release|Any CPU.ActiveCfg = Release|Any CPU
		{5A6127FF-C3E7-479A-B08D-8BC654D69370}.Release|Any CPU.Build.0 = Release|Any CPU
		{48571278-6035-4837-946E-8E6EB4B6270A}.Debug|Any CPU.ActiveCfg = Debug|Any CPU
		{48571278-6035-4837-946E-8E6EB4B6270A}.Debug|Any CPU.Build.0 = Debug|Any CPU
		{48571278-6035-4837-946E-8E6EB4B6270A}.Release|Any CPU.ActiveCfg = Release|Any CPU
		{48571278-6035-4837-946E-8E6EB4B6270A}.Release|Any CPU.Build.0 = Release|Any CPU
	EndGlobalSection
	GlobalSection(SolutionProperties) = preSolution
		HideSolutionNode = FALSE
	EndGlobalSection
	GlobalSection(ExtensibilityGlobals) = postSolution
		SolutionGuid = {146079A9-D618-4D44-972C-9CC8020317D9}
	EndGlobalSection
EndGlobal
