
Microsoft Visual Studio Solution File, Format Version 12.00
# Visual Studio 15
VisualStudioVersion = 15.0.28307.489
MinimumVisualStudioVersion = 10.0.40219.1
Project("{9A19103F-16F7-4668-BE54-9A1E7A4F7556}") = "Tree", "Tree\Tree.csproj", "{64791D13-14A5-4308-93DC-AEFD8D79676D}"
EndProject
Project("{FAE04EC0-301F-11D3-BF4B-00C04F79EFBC}") = "TreeTests", "TreeTests\TreeTests.csproj", "{D02AFF81-E633-4EC5-8626-018BFCE6A6EE}"
EndProject
Global
	GlobalSection(SolutionConfigurationPlatforms) = preSolution
		Debug|Any CPU = Debug|Any CPU
		Release|Any CPU = Release|Any CPU
	EndGlobalSection
	GlobalSection(ProjectConfigurationPlatforms) = postSolution
		{64791D13-14A5-4308-93DC-AEFD8D79676D}.Debug|Any CPU.ActiveCfg = Debug|Any CPU
		{64791D13-14A5-4308-93DC-AEFD8D79676D}.Debug|Any CPU.Build.0 = Debug|Any CPU
		{64791D13-14A5-4308-93DC-AEFD8D79676D}.Release|Any CPU.ActiveCfg = Release|Any CPU
		{64791D13-14A5-4308-93DC-AEFD8D79676D}.Release|Any CPU.Build.0 = Release|Any CPU
		{D02AFF81-E633-4EC5-8626-018BFCE6A6EE}.Debug|Any CPU.ActiveCfg = Debug|Any CPU
		{D02AFF81-E633-4EC5-8626-018BFCE6A6EE}.Debug|Any CPU.Build.0 = Debug|Any CPU
		{D02AFF81-E633-4EC5-8626-018BFCE6A6EE}.Release|Any CPU.ActiveCfg = Release|Any CPU
		{D02AFF81-E633-4EC5-8626-018BFCE6A6EE}.Release|Any CPU.Build.0 = Release|Any CPU
	EndGlobalSection
	GlobalSection(SolutionProperties) = preSolution
		HideSolutionNode = FALSE
	EndGlobalSection
	GlobalSection(ExtensibilityGlobals) = postSolution
		SolutionGuid = {1867A509-9C9D-4F48-93A5-716ECA856F93}
	EndGlobalSection
EndGlobal
