
Microsoft Visual Studio Solution File, Format Version 12.00
# Visual Studio 15
VisualStudioVersion = 15.0.28307.489
MinimumVisualStudioVersion = 10.0.40219.1
Project("{FAE04EC0-301F-11D3-BF4B-00C04F79EFBC}") = "FindMaximumBinaryTree", "FindMaximumBinaryTree\FindMaximumBinaryTree.csproj", "{ECF64408-6669-4B44-93E3-42BEF068B975}"
EndProject
Project("{FAE04EC0-301F-11D3-BF4B-00C04F79EFBC}") = "FindMaximumBinaryTest", "FindMaximumBinaryTest\FindMaximumBinaryTest.csproj", "{40EB9C91-2CF3-4B2E-9383-23D56C2A8EB8}"
EndProject
Global
	GlobalSection(SolutionConfigurationPlatforms) = preSolution
		Debug|Any CPU = Debug|Any CPU
		Release|Any CPU = Release|Any CPU
	EndGlobalSection
	GlobalSection(ProjectConfigurationPlatforms) = postSolution
		{ECF64408-6669-4B44-93E3-42BEF068B975}.Debug|Any CPU.ActiveCfg = Debug|Any CPU
		{ECF64408-6669-4B44-93E3-42BEF068B975}.Debug|Any CPU.Build.0 = Debug|Any CPU
		{ECF64408-6669-4B44-93E3-42BEF068B975}.Release|Any CPU.ActiveCfg = Release|Any CPU
		{ECF64408-6669-4B44-93E3-42BEF068B975}.Release|Any CPU.Build.0 = Release|Any CPU
		{40EB9C91-2CF3-4B2E-9383-23D56C2A8EB8}.Debug|Any CPU.ActiveCfg = Debug|Any CPU
		{40EB9C91-2CF3-4B2E-9383-23D56C2A8EB8}.Debug|Any CPU.Build.0 = Debug|Any CPU
		{40EB9C91-2CF3-4B2E-9383-23D56C2A8EB8}.Release|Any CPU.ActiveCfg = Release|Any CPU
		{40EB9C91-2CF3-4B2E-9383-23D56C2A8EB8}.Release|Any CPU.Build.0 = Release|Any CPU
	EndGlobalSection
	GlobalSection(SolutionProperties) = preSolution
		HideSolutionNode = FALSE
	EndGlobalSection
	GlobalSection(ExtensibilityGlobals) = postSolution
		SolutionGuid = {65B9A129-5CE9-42AA-9DEA-EF2D524BF9FA}
	EndGlobalSection
EndGlobal
